
Microsoft Visual Studio Solution File, Format Version 12.00
# Visual Studio Express 2013 for Windows Desktop
VisualStudioVersion = 12.0.30723.0
MinimumVisualStudioVersion = 10.0.40219.1
Project("{8BC9CEB8-8B4A-11D0-8D11-00A0C91BC942}") = "WordComplete", "WordComplete\WordComplete.vcxproj", "{34624D86-A192-4444-B45D-FC2387C4D17B}"
EndProject
Global
	GlobalSection(SolutionConfigurationPlatforms) = preSolution
		Debug|Win32 = Debug|Win32
		Release|Win32 = Release|Win32
	EndGlobalSection
	GlobalSection(ProjectConfigurationPlatforms) = postSolution
		{34624D86-A192-4444-B45D-FC2387C4D17B}.Debug|Win32.ActiveCfg = Debug|Win32
		{34624D86-A192-4444-B45D-FC2387C4D17B}.Debug|Win32.Build.0 = Debug|Win32
		{34624D86-A192-4444-B45D-FC2387C4D17B}.Release|Win32.ActiveCfg = Release|Win32
		{34624D86-A192-4444-B45D-FC2387C4D17B}.Release|Win32.Build.0 = Release|Win32
	EndGlobalSection
	GlobalSection(SolutionProperties) = preSolution
		HideSolutionNode = FALSE
	EndGlobalSection
EndGlobal
